# THIS IS AN AUTOGENERATED FILE. DO NOT EDIT THIS FILE DIRECTLY.
# yarn lockfile v1


jquery-xpath@^0.3.1:
  version "0.3.1"
  resolved "https://registry.yarnpkg.com/jquery-xpath/-/jquery-xpath-0.3.1.tgz#9c6e62e618d344364bade3bdb494f0c30df85351"
  dependencies:
    jquery ">=1.0.0"

jquery@>=1.0.0:
  version "3.2.1"
  resolved "https://registry.yarnpkg.com/jquery/-/jquery-3.2.1.tgz#5c4d9de652af6cd0a770154a631bba12b015c787"
